{
  "name": "orderbook-keeper",
  "version": "1.0.0",
  "lockfileVersion": 3,
  "requires": true,
  "packages": {
    "": {
      "name": "orderbook-keeper",
      "version": "1.0.0",
      "dependencies": {
        "dotenv": "^16.0.0"
      },
      "engines": {
        "node": ">=18.0.0"
      },
      "optionalDependencies": {
        "@provablehq/sdk": "^0.9.15"
      }
    },
    "node_modules/@provablehq/sdk": {
      "version": "0.9.18",
      "resolved": "https://registry.npmjs.org/@provablehq/sdk/-/sdk-0.9.18.tgz",
      "integrity": "sha512-fQitq7W8btMkV/wiZuoIaywwAMOsYTe+U0fme3RL0IQGb7zsHn0ySf9Pe0D5lS4CZCnmNeuV2PGqyUUZpiG4Aw==",
      "license": "GPL-3.0",
      "optional": true,
      "dependencies": {
        "@provablehq/wasm": "^0.9.18",
        "@scure/base": "^2.0.0",
        "comlink": "^4.4.2",
        "core-js": "^3.40.0",
        "libsodium-wrappers": "^0.8.2",
        "mime": "^4.0.6",
        "xmlhttprequest-ssl": "^4.0.0"
      }
    },
    "node_modules/@provablehq/wasm": {
      "version": "0.9.18",
      "resolved": "https://registry.npmjs.org/@provablehq/wasm/-/wasm-0.9.18.tgz",
      "integrity": "sha512-wNOHQnLM/et8oAevFSvQrVCvKfQGQQZBBAp8335/BM+CjC2k+ft5PlqPHuLrRb1K0XrKe3b9lSa0NQsO8aND4g==",
      "license": "GPL-3.0",
      "optional": true
    },
    "node_modules/@scure/base": {
      "version": "2.0.0",
      "resolved": "https://registry.npmjs.org/@scure/base/-/base-2.0.0.tgz",
      "integrity": "sha512-3E1kpuZginKkek01ovG8krQ0Z44E3DHPjc5S2rjJw9lZn3KSQOs8S7wqikF/AH7iRanHypj85uGyxk0XAyC37w==",
      "license": "MIT",
      "optional": true,
      "funding": {
        "url": "https://paulmillr.com/funding/"
      }
    },
    "node_modules/comlink": {
      "version": "4.4.2",
      "resolved": "https://registry.npmjs.org/comlink/-/comlink-4.4.2.tgz",
      "integrity": "sha512-OxGdvBmJuNKSCMO4NTl1L47VRp6xn2wG4F/2hYzB6tiCb709otOxtEYCSvK80PtjODfXXZu8ds+Nw5kVCjqd2g==",
      "license": "Apache-2.0",
      "optional": true
    },
    "node_modules/core-js": {
      "version": "3.48.0",
      "resolved": "https://registry.npmjs.org/core-js/-/core-js-3.48.0.tgz",
      "integrity": "sha512-zpEHTy1fjTMZCKLHUZoVeylt9XrzaIN2rbPXEt0k+q7JE5CkCZdo6bNq55bn24a69CH7ErAVLKijxJja4fw+UQ==",
      "hasInstallScript": true,
      "license": "MIT",
      "optional": true,
      "funding": {
        "type": "opencollective",
        "url": "https://opencollective.com/core-js"
      }
    },
    "node_modules/dotenv": {
      "version": "16.6.1",
      "resolved": "https://registry.npmjs.org/dotenv/-/dotenv-16.6.1.tgz",
      "integrity": "sha512-uBq4egWHTcTt33a72vpSG0z3HnPuIl6NqYcTrKEg2azoEyl2hpW0zqlxysq2pK9HlDIHyHyakeYaYnSAwd8bow==",
      "license": "BSD-2-Clause",
      "engines": {
        "node": ">=12"
      },
      "funding": {
        "url": "https://dotenvx.com"
      }
    },
    "node_modules/libsodium": {
      "version": "0.8.2",
      "resolved": "https://registry.npmjs.org/libsodium/-/libsodium-0.8.2.tgz",
      "integrity": "sha512-TsnGYMoZtpweT+kR+lOv5TVsnJ/9U0FZOsLFzFOMWmxqOAYXjX3fsrPAW+i1LthgDKXJnI9A8dWEanT1tnJKIw==",
      "license": "ISC",
      "optional": true
    },
    "node_modules/libsodium-wrappers": {
      "version": "0.8.2",
      "resolved": "https://registry.npmjs.org/libsodium-wrappers/-/libsodium-wrappers-0.8.2.tgz",
      "integrity": "sha512-VFLmfxkxo+U9q60tjcnSomQBRx2UzlRjKWJqvB4K1pUqsMQg4cu3QXA2nrcsj9A1qRsnJBbi2Ozx1hsiDoCkhw==",
      "license": "ISC",
      "optional": true,
      "dependencies": {
        "libsodium": "^0.8.0"
      }
    },
    "node_modules/mime": {
      "version": "4.1.0",
      "resolved": "https://registry.npmjs.org/mime/-/mime-4.1.0.tgz",
      "integrity": "sha512-X5ju04+cAzsojXKes0B/S4tcYtFAJ6tTMuSPBEn9CPGlrWr8Fiw7qYeLT0XyH80HSoAoqWCaz+MWKh22P7G1cw==",
      "funding": [
        "https://github.com/sponsors/broofa"
      ],
      "license": "MIT",
      "optional": true,
      "bin": {
        "mime": "bin/cli.js"
      },
      "engines": {
        "node": ">=16"
      }
    },
    "node_modules/xmlhttprequest-ssl": {
      "version": "4.0.0",
      "resolved": "https://registry.npmjs.org/xmlhttprequest-ssl/-/xmlhttprequest-ssl-4.0.0.tgz",
      "integrity": "sha512-b7DXzbCm8VWmII2mQiQHy5VG1L6YBUnNxuCooldWpMUXTwa08uXEz1q5Nv6wlULnSI5GiHuwBIq6pNJrqRh/8Q==",
      "optional": true,
      "engines": {
        "node": ">=13.0.0"
      }
    }
  }
}
